
Microsoft Visual Studio Solution File, Format Version 12.00
# Visual Studio Version 17
VisualStudioVersion = 17.11.35208.52
MinimumVisualStudioVersion = 10.0.40219.1
Project("{9A19103F-16F7-4668-BE54-9A1E7A4F7556}") = "MVC8CRUD", "MVC8CRUD\MVC8CRUD.csproj", "{9E73BB51-8C35-4B98-8940-A93D0FA3CBF4}"
EndProject
Global
	GlobalSection(SolutionConfigurationPlatforms) = preSolution
		Debug|Any CPU = Debug|Any CPU
		Release|Any CPU = Release|Any CPU
	EndGlobalSection
	GlobalSection(ProjectConfigurationPlatforms) = postSolution
		{9E73BB51-8C35-4B98-8940-A93D0FA3CBF4}.Debug|Any CPU.ActiveCfg = Debug|Any CPU
		{9E73BB51-8C35-4B98-8940-A93D0FA3CBF4}.Debug|Any CPU.Build.0 = Debug|Any CPU
		{9E73BB51-8C35-4B98-8940-A93D0FA3CBF4}.Release|Any CPU.ActiveCfg = Release|Any CPU
		{9E73BB51-8C35-4B98-8940-A93D0FA3CBF4}.Release|Any CPU.Build.0 = Release|Any CPU
	EndGlobalSection
	GlobalSection(SolutionProperties) = preSolution
		HideSolutionNode = FALSE
	EndGlobalSection
	GlobalSection(ExtensibilityGlobals) = postSolution
		SolutionGuid = {87D525E3-9CE6-4F2D-A17F-CEFC299CCA2D}
	EndGlobalSection
EndGlobal
